
Microsoft Visual Studio Solution File, Format Version 12.00
# Visual Studio Version 16
VisualStudioVersion = 16.0.31727.386
MinimumVisualStudioVersion = 10.0.40219.1
Project("{9A19103F-16F7-4668-BE54-9A1E7A4F7556}") = "Öğreniyorum1", "Öğreniyorum1\Öğreniyorum1.csproj", "{C7FDDBD6-7000-4E7A-9FD9-E2423DD5EC3F}"
EndProject
Project("{9A19103F-16F7-4668-BE54-9A1E7A4F7556}") = "Donguler", "Donguler\Donguler.csproj", "{07BAC6BC-F22F-4D55-AA63-E8EC5BA81107}"
EndProject
Project("{9A19103F-16F7-4668-BE54-9A1E7A4F7556}") = "class intro", "class intro\class intro.csproj", "{D45FD14E-216D-4CE2-9781-09FACFFA6280}"
EndProject
Project("{9A19103F-16F7-4668-BE54-9A1E7A4F7556}") = "Metotlar", "metotlar\Metotlar\Metotlar.csproj", "{EFE014D6-0C2A-4D76-950A-726C7B69F830}"
EndProject
Project("{9A19103F-16F7-4668-BE54-9A1E7A4F7556}") = "Matematik", "matematik\Matematik\Matematik.csproj", "{D4A6F00E-0BFA-485D-AF60-C599E55011B4}"
EndProject
Project("{FAE04EC0-301F-11D3-BF4B-00C04F79EFBC}") = "DegerVeReferansTipler", "DegerVeReferansTipler\DegerVeReferansTipler.csproj", "{25D62A19-8CC4-41ED-9EDB-0A7DE9429495}"
EndProject
Global
	GlobalSection(SolutionConfigurationPlatforms) = preSolution
		Debug|Any CPU = Debug|Any CPU
		Release|Any CPU = Release|Any CPU
	EndGlobalSection
	GlobalSection(ProjectConfigurationPlatforms) = postSolution
		{C7FDDBD6-7000-4E7A-9FD9-E2423DD5EC3F}.Debug|Any CPU.ActiveCfg = Debug|Any CPU
		{C7FDDBD6-7000-4E7A-9FD9-E2423DD5EC3F}.Debug|Any CPU.Build.0 = Debug|Any CPU
		{C7FDDBD6-7000-4E7A-9FD9-E2423DD5EC3F}.Release|Any CPU.ActiveCfg = Release|Any CPU
		{C7FDDBD6-7000-4E7A-9FD9-E2423DD5EC3F}.Release|Any CPU.Build.0 = Release|Any CPU
		{07BAC6BC-F22F-4D55-AA63-E8EC5BA81107}.Debug|Any CPU.ActiveCfg = Debug|Any CPU
		{07BAC6BC-F22F-4D55-AA63-E8EC5BA81107}.Debug|Any CPU.Build.0 = Debug|Any CPU
		{07BAC6BC-F22F-4D55-AA63-E8EC5BA81107}.Release|Any CPU.ActiveCfg = Release|Any CPU
		{07BAC6BC-F22F-4D55-AA63-E8EC5BA81107}.Release|Any CPU.Build.0 = Release|Any CPU
		{D45FD14E-216D-4CE2-9781-09FACFFA6280}.Debug|Any CPU.ActiveCfg = Debug|Any CPU
		{D45FD14E-216D-4CE2-9781-09FACFFA6280}.Debug|Any CPU.Build.0 = Debug|Any CPU
		{D45FD14E-216D-4CE2-9781-09FACFFA6280}.Release|Any CPU.ActiveCfg = Release|Any CPU
		{D45FD14E-216D-4CE2-9781-09FACFFA6280}.Release|Any CPU.Build.0 = Release|Any CPU
		{EFE014D6-0C2A-4D76-950A-726C7B69F830}.Debug|Any CPU.ActiveCfg = Debug|Any CPU
		{EFE014D6-0C2A-4D76-950A-726C7B69F830}.Debug|Any CPU.Build.0 = Debug|Any CPU
		{EFE014D6-0C2A-4D76-950A-726C7B69F830}.Release|Any CPU.ActiveCfg = Release|Any CPU
		{EFE014D6-0C2A-4D76-950A-726C7B69F830}.Release|Any CPU.Build.0 = Release|Any CPU
		{D4A6F00E-0BFA-485D-AF60-C599E55011B4}.Debug|Any CPU.ActiveCfg = Debug|Any CPU
		{D4A6F00E-0BFA-485D-AF60-C599E55011B4}.Debug|Any CPU.Build.0 = Debug|Any CPU
		{D4A6F00E-0BFA-485D-AF60-C599E55011B4}.Release|Any CPU.ActiveCfg = Release|Any CPU
		{D4A6F00E-0BFA-485D-AF60-C599E55011B4}.Release|Any CPU.Build.0 = Release|Any CPU
		{25D62A19-8CC4-41ED-9EDB-0A7DE9429495}.Debug|Any CPU.ActiveCfg = Debug|Any CPU
		{25D62A19-8CC4-41ED-9EDB-0A7DE9429495}.Debug|Any CPU.Build.0 = Debug|Any CPU
		{25D62A19-8CC4-41ED-9EDB-0A7DE9429495}.Release|Any CPU.ActiveCfg = Release|Any CPU
		{25D62A19-8CC4-41ED-9EDB-0A7DE9429495}.Release|Any CPU.Build.0 = Release|Any CPU
	EndGlobalSection
	GlobalSection(SolutionProperties) = preSolution
		HideSolutionNode = FALSE
	EndGlobalSection
	GlobalSection(ExtensibilityGlobals) = postSolution
		SolutionGuid = {E60E1E4D-D213-481D-BE4A-915136D1F4B0}
	EndGlobalSection
EndGlobal
